
Microsoft Visual Studio Solution File, Format Version 12.00
# Visual Studio Version 16
VisualStudioVersion = 16.0.29306.81
MinimumVisualStudioVersion = 10.0.40219.1
Project("{FAE04EC0-301F-11D3-BF4B-00C04F79EFBC}") = "CLauncher", "CLauncher.csproj", "{C46BBBCD-1D2C-4653-8406-0E4E3AD62C7A}"
EndProject
Global
	GlobalSection(SolutionConfigurationPlatforms) = preSolution
		Debug|Any CPU = Debug|Any CPU
		Release|Any CPU = Release|Any CPU
	EndGlobalSection
	GlobalSection(ProjectConfigurationPlatforms) = postSolution
		{C46BBBCD-1D2C-4653-8406-0E4E3AD62C7A}.Debug|Any CPU.ActiveCfg = Debug|Any CPU
		{C46BBBCD-1D2C-4653-8406-0E4E3AD62C7A}.Debug|Any CPU.Build.0 = Debug|Any CPU
		{C46BBBCD-1D2C-4653-8406-0E4E3AD62C7A}.Release|Any CPU.ActiveCfg = Release|Any CPU
		{C46BBBCD-1D2C-4653-8406-0E4E3AD62C7A}.Release|Any CPU.Build.0 = Release|Any CPU
	EndGlobalSection
	GlobalSection(SolutionProperties) = preSolution
		HideSolutionNode = FALSE
	EndGlobalSection
	GlobalSection(ExtensibilityGlobals) = postSolution
		SolutionGuid = {2937CA7B-CC29-4D27-9C47-EB03528387DA}
	EndGlobalSection
EndGlobal
